// !$*UTF8*$!
{
	archiveVersion = 1;
	classes = {
	};
	objectVersion = 77;
	objects = {

/* Begin PBXBuildFile section */
		0087E09BE6DE82DA0C7836A7 /* ContentView.swift in Sources */ = {isa = PBXBuildFile; fileRef = 8F6AF5292F111CC503638B10 /* ContentView.swift */; };
		019E969845C7AE242D360629 /* OneOnOneWidget-macOS.appex in Embed Foundation Extensions */ = {isa = PBXBuildFile; fileRef = 4CC5D720F439A167711B5727 /* OneOnOneWidget-macOS.appex */; settings = {ATTRIBUTES = (RemoveHeadersOnCopy, ); }; };
		04708F0BA68BEF73A6DA2972 /* AIService.swift in Sources */ = {isa = PBXBuildFile; fileRef = F58E4850AE87DD8616025749 /* AIService.swift */; };
		068739821EB980C8D765845D /* Template.swift in Sources */ = {isa = PBXBuildFile; fileRef = DD3AE0BD5CB67112935B95F2 /* Template.swift */; };
		09140FC1FA8313F9C2D9A6CC /* AIInsightsView.swift in Sources */ = {isa = PBXBuildFile; fileRef = 284AD5CAD6AC79A36037E254 /* AIInsightsView.swift */; };
		096991FDFC2FB502D97D36E9 /* DataStore.swift in Sources */ = {isa = PBXBuildFile; fileRef = 1315CF53BA9BE1DEB2FF6BC6 /* DataStore.swift */; };
		0B74393BAF84A0EB021C2AC6 /* OneOnOneWidget-iOS.appex in Embed Foundation Extensions */ = {isa = PBXBuildFile; fileRef = 73EF490595A0E2F1C81D8E35 /* OneOnOneWidget-iOS.appex */; settings = {ATTRIBUTES = (RemoveHeadersOnCopy, ); }; };
		0CD746CD08B26F33EF041D85 /* Person.swift in Sources */ = {isa = PBXBuildFile; fileRef = B153A3AB29A3262EFDEC0567 /* Person.swift */; };
		0F5B73E6E647822A8934AD5E /* TemplatesView.swift in Sources */ = {isa = PBXBuildFile; fileRef = 927983B03290EA43DD6D2F63 /* TemplatesView.swift */; };
		17B8894C30EF67C70A077050 /* Meeting.swift in Sources */ = {isa = PBXBuildFile; fileRef = 6CAA822A2312A387AE94A4B5 /* Meeting.swift */; };
		1CF0137852C3C372F3E70A51 /* Meeting.swift in Sources */ = {isa = PBXBuildFile; fileRef = 6CAA822A2312A387AE94A4B5 /* Meeting.swift */; };
		1FFBB237EA6207A74D9E9773 /* OneOnOneApp.swift in Sources */ = {isa = PBXBuildFile; fileRef = A8BF148153F2CDDB3A18BB86 /* OneOnOneApp.swift */; };
		205B5474DE90DB3B4337DE55 /* Goal.swift in Sources */ = {isa = PBXBuildFile; fileRef = A7CD6913D74C2D1B226AADB2 /* Goal.swift */; };
		23F5067858BCC6032D34491E /* SettingsView.swift in Sources */ = {isa = PBXBuildFile; fileRef = E561DE74CEF4893A0CE0F63A /* SettingsView.swift */; };
		255CA071D00663D78FB89F08 /* PeopleView.swift in Sources */ = {isa = PBXBuildFile; fileRef = CFF68654B6E0064061062E0D /* PeopleView.swift */; };
		2771781ADE432F697E037763 /* MeetingsView.swift in Sources */ = {isa = PBXBuildFile; fileRef = B4B6D18D72535ABF30159519 /* MeetingsView.swift */; };
		2D4335CDCB9B1788C9680477 /* ModernDesign.swift in Sources */ = {isa = PBXBuildFile; fileRef = 9D943A2964A91874A193C966 /* ModernDesign.swift */; };
		315FCDD5F365F07868712C50 /* AIInsightsView.swift in Sources */ = {isa = PBXBuildFile; fileRef = 284AD5CAD6AC79A36037E254 /* AIInsightsView.swift */; };
		319732CD46513B79C4E94BCF /* Person.swift in Sources */ = {isa = PBXBuildFile; fileRef = B153A3AB29A3262EFDEC0567 /* Person.swift */; };
		3425FE8A99A486BD94A1299C /* ContentView.swift in Sources */ = {isa = PBXBuildFile; fileRef = 8F6AF5292F111CC503638B10 /* ContentView.swift */; };
		34618DCDF349A53DF85D0E0B /* RecordingService.swift in Sources */ = {isa = PBXBuildFile; fileRef = F42E9DBA6CEAF87B0F0F33B5 /* RecordingService.swift */; };
		348FBA114B2B1BF410E50BDC /* Meeting.swift in Sources */ = {isa = PBXBuildFile; fileRef = 6CAA822A2312A387AE94A4B5 /* Meeting.swift */; };
		3CE01959219F7AC9D2092CB2 /* OneOnOneApp.swift in Sources */ = {isa = PBXBuildFile; fileRef = A8BF148153F2CDDB3A18BB86 /* OneOnOneApp.swift */; };
		3EF003D0E27BCEB52F31F15D /* OKR.swift in Sources */ = {isa = PBXBuildFile; fileRef = 17AF636DDD4D792771AE0F8B /* OKR.swift */; };
		3F7FFF84BC120EA4AFB604E8 /* NewMeetingView.swift in Sources */ = {isa = PBXBuildFile; fileRef = 0E7A2BEC9AFBD81483F889CD /* NewMeetingView.swift */; };
		4101AF81FEA88C348B64E008 /* SyncService.swift in Sources */ = {isa = PBXBuildFile; fileRef = 23BD04B9BA820D820CB77AF8 /* SyncService.swift */; };
		480E42D76BA1B2B01BD59870 /* Sentiment.swift in Sources */ = {isa = PBXBuildFile; fileRef = 8252D1622BAD4A0242E17DF5 /* Sentiment.swift */; };
		4D3259A8683F672E420F2969 /* SyncService.swift in Sources */ = {isa = PBXBuildFile; fileRef = 23BD04B9BA820D820CB77AF8 /* SyncService.swift */; };
		5125233AA9078CDCB887D08D /* CalendarService.swift in Sources */ = {isa = PBXBuildFile; fileRef = BD52A3F7226C7BBEE07D51B8 /* CalendarService.swift */; };
		51676A45F4572A33644AEB98 /* Recording.swift in Sources */ = {isa = PBXBuildFile; fileRef = 88504C6CEB2F176EB3543CB5 /* Recording.swift */; };
		54294A3EA5A1B9B1C7CEF67A /* OKRView.swift in Sources */ = {isa = PBXBuildFile; fileRef = 82CC82841C71E6DDE6BF9F31 /* OKRView.swift */; };
		5439EBC17514386AFE0EBBE6 /* NewGoalView.swift in Sources */ = {isa = PBXBuildFile; fileRef = A5F091BF5341F7E20CA66863 /* NewGoalView.swift */; };
		569801E69ECF98D072C3F0C5 /* TeamInsightsService.swift in Sources */ = {isa = PBXBuildFile; fileRef = 0ABE384506F5E04861F3F0FE /* TeamInsightsService.swift */; };
		575DC1A44C7DB470B62E63E2 /* TemplatesView.swift in Sources */ = {isa = PBXBuildFile; fileRef = 927983B03290EA43DD6D2F63 /* TemplatesView.swift */; };
		5B9FEC0CC61C0F1A634C57DC /* SearchView.swift in Sources */ = {isa = PBXBuildFile; fileRef = 6D2055EBB6D3148A32F9AE68 /* SearchView.swift */; };
		5CA9320721DA21D69EA543D9 /* SettingsView.swift in Sources */ = {isa = PBXBuildFile; fileRef = E561DE74CEF4893A0CE0F63A /* SettingsView.swift */; };
		5D4D18208D647BE8C4C49D77 /* SearchView.swift in Sources */ = {isa = PBXBuildFile; fileRef = 6D2055EBB6D3148A32F9AE68 /* SearchView.swift */; };
		5E33DE0E16F74467ED066DCC /* OneOnOneWidget.swift in Sources */ = {isa = PBXBuildFile; fileRef = CC1097332AF67BEE0C63EAFB /* OneOnOneWidget.swift */; };
		65F750C2FB31C986CF45D597 /* WidgetSyncService.swift in Sources */ = {isa = PBXBuildFile; fileRef = 9DD874F6E782B03E440F31B7 /* WidgetSyncService.swift */; };
		67792FF7FCEECA83A3DA3F5E /* Template.swift in Sources */ = {isa = PBXBuildFile; fileRef = DD3AE0BD5CB67112935B95F2 /* Template.swift */; };
		67C343E2AE007C051F7C642B /* PeopleView.swift in Sources */ = {isa = PBXBuildFile; fileRef = CFF68654B6E0064061062E0D /* PeopleView.swift */; };
		67F435A8F3D132AA527BE43D /* Goal.swift in Sources */ = {isa = PBXBuildFile; fileRef = A7CD6913D74C2D1B226AADB2 /* Goal.swift */; };
		6AEF37D8426389A5DD20499F /* SearchService.swift in Sources */ = {isa = PBXBuildFile; fileRef = 369280E760FB6F801B312C83 /* SearchService.swift */; };
		6B45E4F059B95187B232EB2D /* RecordingsView.swift in Sources */ = {isa = PBXBuildFile; fileRef = 94323C60AACD636CE2E2C34E /* RecordingsView.swift */; };
		6C02E2AB51F4D28E7B9F4054 /* MeetingsView.swift in Sources */ = {isa = PBXBuildFile; fileRef = B4B6D18D72535ABF30159519 /* MeetingsView.swift */; };
		6D2FBA0200D3395BB1FD78FA /* IntegrationService.swift in Sources */ = {isa = PBXBuildFile; fileRef = 038D00229054740213C66535 /* IntegrationService.swift */; };
		6DAC6516D5E9A62B414B021A /* RecordingsView.swift in Sources */ = {isa = PBXBuildFile; fileRef = 94323C60AACD636CE2E2C34E /* RecordingsView.swift */; };
		6E374587DDFEF7235C4E321D /* CloudKitService.swift in Sources */ = {isa = PBXBuildFile; fileRef = 2C9AF23E1C843F18347B7EC5 /* CloudKitService.swift */; };
		6FD6D031B73178BF72F7E8E0 /* CareerView.swift in Sources */ = {isa = PBXBuildFile; fileRef = 49CA6A6623896F6D970D28D1 /* CareerView.swift */; };
		77FC3AA704C8BE2CAB57C70A /* TeamInsightsView.swift in Sources */ = {isa = PBXBuildFile; fileRef = F85152DCACCCFD436EB19059 /* TeamInsightsView.swift */; };
		77FEBF5864FE66F6977D9CD3 /* FeedbackView.swift in Sources */ = {isa = PBXBuildFile; fileRef = 27E9C5E7BB827B2FB0C6F764 /* FeedbackView.swift */; };
		78286AE444C01ED8B2AF68D3 /* AIService.swift in Sources */ = {isa = PBXBuildFile; fileRef = F58E4850AE87DD8616025749 /* AIService.swift */; };
		79FE395524C0CBADF5C180C0 /* IntegrationsView.swift in Sources */ = {isa = PBXBuildFile; fileRef = F7ECE05BDD3C75E3A2BF2B33 /* IntegrationsView.swift */; };
		7FAF12F66AD08EB83D2A6B99 /* ModernDesign.swift in Sources */ = {isa = PBXBuildFile; fileRef = 9D943A2964A91874A193C966 /* ModernDesign.swift */; };
		811E1A89E640432B021A0041 /* SearchService.swift in Sources */ = {isa = PBXBuildFile; fileRef = 369280E760FB6F801B312C83 /* SearchService.swift */; };
		8133482FC6D13E1ECFF649EA /* FeedbackView.swift in Sources */ = {isa = PBXBuildFile; fileRef = 27E9C5E7BB827B2FB0C6F764 /* FeedbackView.swift */; };
		853F7D5F70A0F06DC6C3EAC7 /* Assets.xcassets in Resources */ = {isa = PBXBuildFile; fileRef = 34B9DCDAD7D7C8828B535824 /* Assets.xcassets */; };
		862B2B45970A54A9AD5D562C /* WidgetData.swift in Sources */ = {isa = PBXBuildFile; fileRef = 91F2B45AB8EB30D8C04ECF03 /* WidgetData.swift */; };
		8AE5967311C257C141AB8DBE /* SharedDataManager.swift in Sources */ = {isa = PBXBuildFile; fileRef = 96A0B9C174655023804B6829 /* SharedDataManager.swift */; };
		8C2F4AB3A073DE16B63C2477 /* ai_daemon.py in Resources */ = {isa = PBXBuildFile; fileRef = 3E02E89F96D802B33F3A8068 /* ai_daemon.py */; };
		8DFFE55FB9DB4D013557F55C /* SharedDataManager.swift in Sources */ = {isa = PBXBuildFile; fileRef = 96A0B9C174655023804B6829 /* SharedDataManager.swift */; };
		8EEB4F41EE6AC9559C121784 /* IntegrationsView.swift in Sources */ = {isa = PBXBuildFile; fileRef = F7ECE05BDD3C75E3A2BF2B33 /* IntegrationsView.swift */; };
		958AB77E9739B7C028750D36 /* CloudKitService.swift in Sources */ = {isa = PBXBuildFile; fileRef = 2C9AF23E1C843F18347B7EC5 /* CloudKitService.swift */; };
		9940D3798108B6DC24F207EF /* ActionItem.swift in Sources */ = {isa = PBXBuildFile; fileRef = FF0E2D0D07A761375D9DEB8D /* ActionItem.swift */; };
		99924DF63640788E14E4A454 /* CalendarService.swift in Sources */ = {isa = PBXBuildFile; fileRef = BD52A3F7226C7BBEE07D51B8 /* CalendarService.swift */; };
		9ABA8E8129D21FB1B90666AC /* WidgetData.swift in Sources */ = {isa = PBXBuildFile; fileRef = 91F2B45AB8EB30D8C04ECF03 /* WidgetData.swift */; };
		9CC32C97CB42427E82EE01FF /* ActionItem.swift in Sources */ = {isa = PBXBuildFile; fileRef = FF0E2D0D07A761375D9DEB8D /* ActionItem.swift */; };
		9DA9F5D1B71FF743E20DEE37 /* DashboardView.swift in Sources */ = {isa = PBXBuildFile; fileRef = BB83E3CA9D03162B87E6C4AF /* DashboardView.swift */; };
		A14923D8D92573F2E412CE73 /* CareerDevelopment.swift in Sources */ = {isa = PBXBuildFile; fileRef = BDC79224D0AC14B6C825145C /* CareerDevelopment.swift */; };
		A4389EABCAFB1D0B7B9DF062 /* CareerDevelopment.swift in Sources */ = {isa = PBXBuildFile; fileRef = BDC79224D0AC14B6C825145C /* CareerDevelopment.swift */; };
		A67E6632495A29734BA56F77 /* NewPersonView.swift in Sources */ = {isa = PBXBuildFile; fileRef = 51BF8E4E3AC222C5D2FAA4F9 /* NewPersonView.swift */; };
		AAA2ED8D93B0E62CBD24F50F /* Person.swift in Sources */ = {isa = PBXBuildFile; fileRef = B153A3AB29A3262EFDEC0567 /* Person.swift */; };
		AED993A7E2F27B924D8202B6 /* OneOnOneWidget.swift in Sources */ = {isa = PBXBuildFile; fileRef = CC1097332AF67BEE0C63EAFB /* OneOnOneWidget.swift */; };
		B13166D05BF30D03DAB6F970 /* Meeting.swift in Sources */ = {isa = PBXBuildFile; fileRef = 6CAA822A2312A387AE94A4B5 /* Meeting.swift */; };
		B3577E7EBE38F886DBCFC109 /* IntegrationService.swift in Sources */ = {isa = PBXBuildFile; fileRef = 038D00229054740213C66535 /* IntegrationService.swift */; };
		B3A3CCCBBC471F4672BD9483 /* ActionItem.swift in Sources */ = {isa = PBXBuildFile; fileRef = FF0E2D0D07A761375D9DEB8D /* ActionItem.swift */; };
		B63BE768990B5FE603180C82 /* OKRView.swift in Sources */ = {isa = PBXBuildFile; fileRef = 82CC82841C71E6DDE6BF9F31 /* OKRView.swift */; };
		B683BC605A3410B131A90127 /* TeamInsightsService.swift in Sources */ = {isa = PBXBuildFile; fileRef = 0ABE384506F5E04861F3F0FE /* TeamInsightsService.swift */; };
		C1BC231E6423A0B7E27C01B5 /* Feedback.swift in Sources */ = {isa = PBXBuildFile; fileRef = 795D046D558A243A2F0E09CF /* Feedback.swift */; };
		C38153F1D6CF3CA7C3ED6C9B /* ActionItem.swift in Sources */ = {isa = PBXBuildFile; fileRef = FF0E2D0D07A761375D9DEB8D /* ActionItem.swift */; };
		C8FABB3D7803A54BB2994DEE /* NewGoalView.swift in Sources */ = {isa = PBXBuildFile; fileRef = A5F091BF5341F7E20CA66863 /* NewGoalView.swift */; };
		CC9156DE1E234C204B0ACBFC /* OKR.swift in Sources */ = {isa = PBXBuildFile; fileRef = 17AF636DDD4D792771AE0F8B /* OKR.swift */; };
		CF21E0DD62DA8EC05A97E705 /* Feedback.swift in Sources */ = {isa = PBXBuildFile; fileRef = 795D046D558A243A2F0E09CF /* Feedback.swift */; };
		CF5C5B4258A2CC3F158978D2 /* DashboardView.swift in Sources */ = {isa = PBXBuildFile; fileRef = BB83E3CA9D03162B87E6C4AF /* DashboardView.swift */; };
		D21E1FFC31914BB438EF8B20 /* ActionItemsView.swift in Sources */ = {isa = PBXBuildFile; fileRef = D0FD231A33855030EE2BC3E6 /* ActionItemsView.swift */; };
		D811904952AA8B5AD2A4289E /* Sentiment.swift in Sources */ = {isa = PBXBuildFile; fileRef = 8252D1622BAD4A0242E17DF5 /* Sentiment.swift */; };
		D90DBC41B8ECA03F94AE6F61 /* Assets.xcassets in Resources */ = {isa = PBXBuildFile; fileRef = 34B9DCDAD7D7C8828B535824 /* Assets.xcassets */; };
		DAC63D8381E2449361FD63F1 /* Person.swift in Sources */ = {isa = PBXBuildFile; fileRef = B153A3AB29A3262EFDEC0567 /* Person.swift */; };
		DAD92485D566C6DD5E57C032 /* GoalsView.swift in Sources */ = {isa = PBXBuildFile; fileRef = AA5CED1E740986B30F62332F /* GoalsView.swift */; };
		E37A7C5BA157443C1D6B072F /* TeamInsightsView.swift in Sources */ = {isa = PBXBuildFile; fileRef = F85152DCACCCFD436EB19059 /* TeamInsightsView.swift */; };
		E511C416FD0F5ED8C63FEF89 /* WidgetSyncService.swift in Sources */ = {isa = PBXBuildFile; fileRef = 9DD874F6E782B03E440F31B7 /* WidgetSyncService.swift */; };
		EC3F8BEB4E07456F0DEC1993 /* NewMeetingView.swift in Sources */ = {isa = PBXBuildFile; fileRef = 0E7A2BEC9AFBD81483F889CD /* NewMeetingView.swift */; };
		EF02A07B4800A80F26DACA51 /* Recording.swift in Sources */ = {isa = PBXBuildFile; fileRef = 88504C6CEB2F176EB3543CB5 /* Recording.swift */; };
		F17D2D1D836E057E30B0D54D /* DataStore.swift in Sources */ = {isa = PBXBuildFile; fileRef = 1315CF53BA9BE1DEB2FF6BC6 /* DataStore.swift */; };
		F4741BD519C55800AC104B77 /* NewPersonView.swift in Sources */ = {isa = PBXBuildFile; fileRef = 51BF8E4E3AC222C5D2FAA4F9 /* NewPersonView.swift */; };
		F828014B7935AE066B158FC7 /* RecordingService.swift in Sources */ = {isa = PBXBuildFile; fileRef = F42E9DBA6CEAF87B0F0F33B5 /* RecordingService.swift */; };
		F8A9A850C82CA48FFE5ECF34 /* GoalsView.swift in Sources */ = {isa = PBXBuildFile; fileRef = AA5CED1E740986B30F62332F /* GoalsView.swift */; };
		F917288A76F209C82D2A6F67 /* whisper_transcribe.py in Resources */ = {isa = PBXBuildFile; fileRef = 429920CE0AA2963935EB4FDB /* whisper_transcribe.py */; };
		FCA301B7D70DF75BE456961A /* ActionItemsView.swift in Sources */ = {isa = PBXBuildFile; fileRef = D0FD231A33855030EE2BC3E6 /* ActionItemsView.swift */; };
		FD07075F84C393B9BE275D3F /* CareerView.swift in Sources */ = {isa = PBXBuildFile; fileRef = 49CA6A6623896F6D970D28D1 /* CareerView.swift */; };
/* End PBXBuildFile section */

/* Begin PBXContainerItemProxy section */
		26D4593C3FC127CD3C171CCD /* PBXContainerItemProxy */ = {
			isa = PBXContainerItemProxy;
			containerPortal = 0CFDC114AFEBD028C8A91D44 /* Project object */;
			proxyType = 1;
			remoteGlobalIDString = 2FCA63BF692FB54E520FEA3F;
			remoteInfo = "OneOnOneWidget-macOS";
		};
		E99533BEAF7CA257C5AAC38F /* PBXContainerItemProxy */ = {
			isa = PBXContainerItemProxy;
			containerPortal = 0CFDC114AFEBD028C8A91D44 /* Project object */;
			proxyType = 1;
			remoteGlobalIDString = AAB2160E97E051D32E4B7D39;
			remoteInfo = "OneOnOneWidget-iOS";
		};
/* End PBXContainerItemProxy section */

/* Begin PBXCopyFilesBuildPhase section */
		43FFC49BE49511FD3BBE0E5A /* Embed Foundation Extensions */ = {
			isa = PBXCopyFilesBuildPhase;
			buildActionMask = 2147483647;
			dstPath = "";
			dstSubfolderSpec = 13;
			files = (
				019E969845C7AE242D360629 /* OneOnOneWidget-macOS.appex in Embed Foundation Extensions */,
			);
			name = "Embed Foundation Extensions";
			runOnlyForDeploymentPostprocessing = 0;
		};
		E3EA2B5C8281BCA77327C463 /* Embed Foundation Extensions */ = {
			isa = PBXCopyFilesBuildPhase;
			buildActionMask = 2147483647;
			dstPath = "";
			dstSubfolderSpec = 13;
			files = (
				0B74393BAF84A0EB021C2AC6 /* OneOnOneWidget-iOS.appex in Embed Foundation Extensions */,
			);
			name = "Embed Foundation Extensions";
			runOnlyForDeploymentPostprocessing = 0;
		};
/* End PBXCopyFilesBuildPhase section */

/* Begin PBXFileReference section */
		038D00229054740213C66535 /* IntegrationService.swift */ = {isa = PBXFileReference; lastKnownFileType = sourcecode.swift; path = IntegrationService.swift; sourceTree = "<group>"; };
		0ABE384506F5E04861F3F0FE /* TeamInsightsService.swift */ = {isa = PBXFileReference; lastKnownFileType = sourcecode.swift; path = TeamInsightsService.swift; sourceTree = "<group>"; };
		0E7A2BEC9AFBD81483F889CD /* NewMeetingView.swift */ = {isa = PBXFileReference; lastKnownFileType = sourcecode.swift; path = NewMeetingView.swift; sourceTree = "<group>"; };
		1315CF53BA9BE1DEB2FF6BC6 /* DataStore.swift */ = {isa = PBXFileReference; lastKnownFileType = sourcecode.swift; path = DataStore.swift; sourceTree = "<group>"; };
		17AF636DDD4D792771AE0F8B /* OKR.swift */ = {isa = PBXFileReference; lastKnownFileType = sourcecode.swift; path = OKR.swift; sourceTree = "<group>"; };
		23BD04B9BA820D820CB77AF8 /* SyncService.swift */ = {isa = PBXFileReference; lastKnownFileType = sourcecode.swift; path = SyncService.swift; sourceTree = "<group>"; };
		27E9C5E7BB827B2FB0C6F764 /* FeedbackView.swift */ = {isa = PBXFileReference; lastKnownFileType = sourcecode.swift; path = FeedbackView.swift; sourceTree = "<group>"; };
		284AD5CAD6AC79A36037E254 /* AIInsightsView.swift */ = {isa = PBXFileReference; lastKnownFileType = sourcecode.swift; path = AIInsightsView.swift; sourceTree = "<group>"; };
		2C9AF23E1C843F18347B7EC5 /* CloudKitService.swift */ = {isa = PBXFileReference; lastKnownFileType = sourcecode.swift; path = CloudKitService.swift; sourceTree = "<group>"; };
		34B9DCDAD7D7C8828B535824 /* Assets.xcassets */ = {isa = PBXFileReference; lastKnownFileType = folder.assetcatalog; path = Assets.xcassets; sourceTree = "<group>"; };
		369280E760FB6F801B312C83 /* SearchService.swift */ = {isa = PBXFileReference; lastKnownFileType = sourcecode.swift; path = SearchService.swift; sourceTree = "<group>"; };
		3E02E89F96D802B33F3A8068 /* ai_daemon.py */ = {isa = PBXFileReference; lastKnownFileType = text.script.python; path = ai_daemon.py; sourceTree = "<group>"; };
		429920CE0AA2963935EB4FDB /* whisper_transcribe.py */ = {isa = PBXFileReference; lastKnownFileType = text.script.python; path = whisper_transcribe.py; sourceTree = "<group>"; };
		49CA6A6623896F6D970D28D1 /* CareerView.swift */ = {isa = PBXFileReference; lastKnownFileType = sourcecode.swift; path = CareerView.swift; sourceTree = "<group>"; };
		4CC5D720F439A167711B5727 /* OneOnOneWidget-macOS.appex */ = {isa = PBXFileReference; explicitFileType = "wrapper.app-extension"; includeInIndex = 0; path = "OneOnOneWidget-macOS.appex"; sourceTree = BUILT_PRODUCTS_DIR; };
		51BF8E4E3AC222C5D2FAA4F9 /* NewPersonView.swift */ = {isa = PBXFileReference; lastKnownFileType = sourcecode.swift; path = NewPersonView.swift; sourceTree = "<group>"; };
		6138A8EB527BB438E73208F4 /* OneOnOne.entitlements */ = {isa = PBXFileReference; lastKnownFileType = text.plist.entitlements; path = OneOnOne.entitlements; sourceTree = "<group>"; };
		6CAA822A2312A387AE94A4B5 /* Meeting.swift */ = {isa = PBXFileReference; lastKnownFileType = sourcecode.swift; path = Meeting.swift; sourceTree = "<group>"; };
		6D2055EBB6D3148A32F9AE68 /* SearchView.swift */ = {isa = PBXFileReference; lastKnownFileType = sourcecode.swift; path = SearchView.swift; sourceTree = "<group>"; };
		73EF490595A0E2F1C81D8E35 /* OneOnOneWidget-iOS.appex */ = {isa = PBXFileReference; includeInIndex = 0; lastKnownFileType = "wrapper.app-extension"; path = "OneOnOneWidget-iOS.appex"; sourceTree = BUILT_PRODUCTS_DIR; };
		795D046D558A243A2F0E09CF /* Feedback.swift */ = {isa = PBXFileReference; lastKnownFileType = sourcecode.swift; path = Feedback.swift; sourceTree = "<group>"; };
		79EA35EAFA62138C0431A8F6 /* OneOnOne-iOS.app */ = {isa = PBXFileReference; includeInIndex = 0; lastKnownFileType = wrapper.application; path = "OneOnOne-iOS.app"; sourceTree = BUILT_PRODUCTS_DIR; };
		8252D1622BAD4A0242E17DF5 /* Sentiment.swift */ = {isa = PBXFileReference; lastKnownFileType = sourcecode.swift; path = Sentiment.swift; sourceTree = "<group>"; };
		82A831B431E24CF97F1169A2 /* OneOnOne.app */ = {isa = PBXFileReference; explicitFileType = wrapper.application; includeInIndex = 0; path = OneOnOne.app; sourceTree = BUILT_PRODUCTS_DIR; };
		82CC82841C71E6DDE6BF9F31 /* OKRView.swift */ = {isa = PBXFileReference; lastKnownFileType = sourcecode.swift; path = OKRView.swift; sourceTree = "<group>"; };
		88504C6CEB2F176EB3543CB5 /* Recording.swift */ = {isa = PBXFileReference; lastKnownFileType = sourcecode.swift; path = Recording.swift; sourceTree = "<group>"; };
		8F6AF5292F111CC503638B10 /* ContentView.swift */ = {isa = PBXFileReference; lastKnownFileType = sourcecode.swift; path = ContentView.swift; sourceTree = "<group>"; };
		91F2B45AB8EB30D8C04ECF03 /* WidgetData.swift */ = {isa = PBXFileReference; lastKnownFileType = sourcecode.swift; path = WidgetData.swift; sourceTree = "<group>"; };
		927983B03290EA43DD6D2F63 /* TemplatesView.swift */ = {isa = PBXFileReference; lastKnownFileType = sourcecode.swift; path = TemplatesView.swift; sourceTree = "<group>"; };
		94323C60AACD636CE2E2C34E /* RecordingsView.swift */ = {isa = PBXFileReference; lastKnownFileType = sourcecode.swift; path = RecordingsView.swift; sourceTree = "<group>"; };
		96A0B9C174655023804B6829 /* SharedDataManager.swift */ = {isa = PBXFileReference; lastKnownFileType = sourcecode.swift; path = SharedDataManager.swift; sourceTree = "<group>"; };
		9D943A2964A91874A193C966 /* ModernDesign.swift */ = {isa = PBXFileReference; lastKnownFileType = sourcecode.swift; path = ModernDesign.swift; sourceTree = "<group>"; };
		9DD874F6E782B03E440F31B7 /* WidgetSyncService.swift */ = {isa = PBXFileReference; lastKnownFileType = sourcecode.swift; path = WidgetSyncService.swift; sourceTree = "<group>"; };
		A5F091BF5341F7E20CA66863 /* NewGoalView.swift */ = {isa = PBXFileReference; lastKnownFileType = sourcecode.swift; path = NewGoalView.swift; sourceTree = "<group>"; };
		A7CD6913D74C2D1B226AADB2 /* Goal.swift */ = {isa = PBXFileReference; lastKnownFileType = sourcecode.swift; path = Goal.swift; sourceTree = "<group>"; };
		A8BF148153F2CDDB3A18BB86 /* OneOnOneApp.swift */ = {isa = PBXFileReference; lastKnownFileType = sourcecode.swift; path = OneOnOneApp.swift; sourceTree = "<group>"; };
		AA5CED1E740986B30F62332F /* GoalsView.swift */ = {isa = PBXFileReference; lastKnownFileType = sourcecode.swift; path = GoalsView.swift; sourceTree = "<group>"; };
		B153A3AB29A3262EFDEC0567 /* Person.swift */ = {isa = PBXFileReference; lastKnownFileType = sourcecode.swift; path = Person.swift; sourceTree = "<group>"; };
		B4B6D18D72535ABF30159519 /* MeetingsView.swift */ = {isa = PBXFileReference; lastKnownFileType = sourcecode.swift; path = MeetingsView.swift; sourceTree = "<group>"; };
		BB83E3CA9D03162B87E6C4AF /* DashboardView.swift */ = {isa = PBXFileReference; lastKnownFileType = sourcecode.swift; path = DashboardView.swift; sourceTree = "<group>"; };
		BD52A3F7226C7BBEE07D51B8 /* CalendarService.swift */ = {isa = PBXFileReference; lastKnownFileType = sourcecode.swift; path = CalendarService.swift; sourceTree = "<group>"; };
		BDC79224D0AC14B6C825145C /* CareerDevelopment.swift */ = {isa = PBXFileReference; lastKnownFileType = sourcecode.swift; path = CareerDevelopment.swift; sourceTree = "<group>"; };
		CC1097332AF67BEE0C63EAFB /* OneOnOneWidget.swift */ = {isa = PBXFileReference; lastKnownFileType = sourcecode.swift; path = OneOnOneWidget.swift; sourceTree = "<group>"; };
		CF68E714811E26B19A231ABD /* Info.plist */ = {isa = PBXFileReference; lastKnownFileType = text.plist; path = Info.plist; sourceTree = "<group>"; };
		CFF68654B6E0064061062E0D /* PeopleView.swift */ = {isa = PBXFileReference; lastKnownFileType = sourcecode.swift; path = PeopleView.swift; sourceTree = "<group>"; };
		D0FD231A33855030EE2BC3E6 /* ActionItemsView.swift */ = {isa = PBXFileReference; lastKnownFileType = sourcecode.swift; path = ActionItemsView.swift; sourceTree = "<group>"; };
		D4517F48E7C8CAE568A825CA /* OneOnOne_Widget.entitlements */ = {isa = PBXFileReference; lastKnownFileType = text.plist.entitlements; path = OneOnOne_Widget.entitlements; sourceTree = "<group>"; };
		D8EC98E8254172A18F3FD76E /* OneOnOne-iOS.entitlements */ = {isa = PBXFileReference; lastKnownFileType = text.plist.entitlements; path = "OneOnOne-iOS.entitlements"; sourceTree = "<group>"; };
		DD3AE0BD5CB67112935B95F2 /* Template.swift */ = {isa = PBXFileReference; lastKnownFileType = sourcecode.swift; path = Template.swift; sourceTree = "<group>"; };
		E561DE74CEF4893A0CE0F63A /* SettingsView.swift */ = {isa = PBXFileReference; lastKnownFileType = sourcecode.swift; path = SettingsView.swift; sourceTree = "<group>"; };
		F42E9DBA6CEAF87B0F0F33B5 /* RecordingService.swift */ = {isa = PBXFileReference; lastKnownFileType = sourcecode.swift; path = RecordingService.swift; sourceTree = "<group>"; };
		F58E4850AE87DD8616025749 /* AIService.swift */ = {isa = PBXFileReference; lastKnownFileType = sourcecode.swift; path = AIService.swift; sourceTree = "<group>"; };
		F7ECE05BDD3C75E3A2BF2B33 /* IntegrationsView.swift */ = {isa = PBXFileReference; lastKnownFileType = sourcecode.swift; path = IntegrationsView.swift; sourceTree = "<group>"; };
		F85152DCACCCFD436EB19059 /* TeamInsightsView.swift */ = {isa = PBXFileReference; lastKnownFileType = sourcecode.swift; path = TeamInsightsView.swift; sourceTree = "<group>"; };
		FF0E2D0D07A761375D9DEB8D /* ActionItem.swift */ = {isa = PBXFileReference; lastKnownFileType = sourcecode.swift; path = ActionItem.swift; sourceTree = "<group>"; };
/* End PBXFileReference section */

/* Begin PBXGroup section */
		38780DE60E0259258592979D = {
			isa = PBXGroup;
			children = (
				90084185435831D87BF75BBC /* OneOnOne */,
				541BFE7027BB9363BA74AA41 /* OneOnOne Widget */,
				DFB1120E14B09803B52524EA /* Python */,
				FF7D67202693A3DD8C3C71C2 /* Products */,
			);
			sourceTree = "<group>";
		};
		46D2A1607D1858905177CA12 /* Services */ = {
			isa = PBXGroup;
			children = (
				F58E4850AE87DD8616025749 /* AIService.swift */,
				BD52A3F7226C7BBEE07D51B8 /* CalendarService.swift */,
				2C9AF23E1C843F18347B7EC5 /* CloudKitService.swift */,
				1315CF53BA9BE1DEB2FF6BC6 /* DataStore.swift */,
				038D00229054740213C66535 /* IntegrationService.swift */,
				F42E9DBA6CEAF87B0F0F33B5 /* RecordingService.swift */,
				369280E760FB6F801B312C83 /* SearchService.swift */,
				23BD04B9BA820D820CB77AF8 /* SyncService.swift */,
				0ABE384506F5E04861F3F0FE /* TeamInsightsService.swift */,
				9DD874F6E782B03E440F31B7 /* WidgetSyncService.swift */,
			);
			path = Services;
			sourceTree = "<group>";
		};
		541BFE7027BB9363BA74AA41 /* OneOnOne Widget */ = {
			isa = PBXGroup;
			children = (
				CF68E714811E26B19A231ABD /* Info.plist */,
				D4517F48E7C8CAE568A825CA /* OneOnOne_Widget.entitlements */,
				CC1097332AF67BEE0C63EAFB /* OneOnOneWidget.swift */,
				96A0B9C174655023804B6829 /* SharedDataManager.swift */,
				91F2B45AB8EB30D8C04ECF03 /* WidgetData.swift */,
			);
			path = "OneOnOne Widget";
			sourceTree = "<group>";
		};
		581AD927CF577A6A8202268B /* Resources */ = {
			isa = PBXGroup;
			children = (
				34B9DCDAD7D7C8828B535824 /* Assets.xcassets */,
			);
			path = Resources;
			sourceTree = "<group>";
		};
		90084185435831D87BF75BBC /* OneOnOne */ = {
			isa = PBXGroup;
			children = (
				C25B6BCF8680C27C638B59E6 /* Design */,
				F578A45726B696682D36C2F6 /* Models */,
				581AD927CF577A6A8202268B /* Resources */,
				46D2A1607D1858905177CA12 /* Services */,
				F6DB69545F9D053B12E684E2 /* ViewModels */,
				E152F9A938707B98DC4B3256 /* Views */,
				D8EC98E8254172A18F3FD76E /* OneOnOne-iOS.entitlements */,
				6138A8EB527BB438E73208F4 /* OneOnOne.entitlements */,
				A8BF148153F2CDDB3A18BB86 /* OneOnOneApp.swift */,
			);
			path = OneOnOne;
			sourceTree = "<group>";
		};
		C25B6BCF8680C27C638B59E6 /* Design */ = {
			isa = PBXGroup;
			children = (
				9D943A2964A91874A193C966 /* ModernDesign.swift */,
			);
			path = Design;
			sourceTree = "<group>";
		};
		DFB1120E14B09803B52524EA /* Python */ = {
			isa = PBXGroup;
			children = (
				3E02E89F96D802B33F3A8068 /* ai_daemon.py */,
				429920CE0AA2963935EB4FDB /* whisper_transcribe.py */,
			);
			path = Python;
			sourceTree = "<group>";
		};
		E152F9A938707B98DC4B3256 /* Views */ = {
			isa = PBXGroup;
			children = (
				D0FD231A33855030EE2BC3E6 /* ActionItemsView.swift */,
				284AD5CAD6AC79A36037E254 /* AIInsightsView.swift */,
				49CA6A6623896F6D970D28D1 /* CareerView.swift */,
				8F6AF5292F111CC503638B10 /* ContentView.swift */,
				BB83E3CA9D03162B87E6C4AF /* DashboardView.swift */,
				27E9C5E7BB827B2FB0C6F764 /* FeedbackView.swift */,
				AA5CED1E740986B30F62332F /* GoalsView.swift */,
				F7ECE05BDD3C75E3A2BF2B33 /* IntegrationsView.swift */,
				B4B6D18D72535ABF30159519 /* MeetingsView.swift */,
				A5F091BF5341F7E20CA66863 /* NewGoalView.swift */,
				0E7A2BEC9AFBD81483F889CD /* NewMeetingView.swift */,
				51BF8E4E3AC222C5D2FAA4F9 /* NewPersonView.swift */,
				82CC82841C71E6DDE6BF9F31 /* OKRView.swift */,
				CFF68654B6E0064061062E0D /* PeopleView.swift */,
				94323C60AACD636CE2E2C34E /* RecordingsView.swift */,
				6D2055EBB6D3148A32F9AE68 /* SearchView.swift */,
				E561DE74CEF4893A0CE0F63A /* SettingsView.swift */,
				F85152DCACCCFD436EB19059 /* TeamInsightsView.swift */,
				927983B03290EA43DD6D2F63 /* TemplatesView.swift */,
			);
			path = Views;
			sourceTree = "<group>";
		};
		F578A45726B696682D36C2F6 /* Models */ = {
			isa = PBXGroup;
			children = (
				FF0E2D0D07A761375D9DEB8D /* ActionItem.swift */,
				BDC79224D0AC14B6C825145C /* CareerDevelopment.swift */,
				795D046D558A243A2F0E09CF /* Feedback.swift */,
				A7CD6913D74C2D1B226AADB2 /* Goal.swift */,
				6CAA822A2312A387AE94A4B5 /* Meeting.swift */,
				17AF636DDD4D792771AE0F8B /* OKR.swift */,
				B153A3AB29A3262EFDEC0567 /* Person.swift */,
				88504C6CEB2F176EB3543CB5 /* Recording.swift */,
				8252D1622BAD4A0242E17DF5 /* Sentiment.swift */,
				DD3AE0BD5CB67112935B95F2 /* Template.swift */,
			);
			path = Models;
			sourceTree = "<group>";
		};
		F6DB69545F9D053B12E684E2 /* ViewModels */ = {
			isa = PBXGroup;
			children = (
			);
			path = ViewModels;
			sourceTree = "<group>";
		};
		FF7D67202693A3DD8C3C71C2 /* Products */ = {
			isa = PBXGroup;
			children = (
				79EA35EAFA62138C0431A8F6 /* OneOnOne-iOS.app */,
				82A831B431E24CF97F1169A2 /* OneOnOne.app */,
				73EF490595A0E2F1C81D8E35 /* OneOnOneWidget-iOS.appex */,
				4CC5D720F439A167711B5727 /* OneOnOneWidget-macOS.appex */,
			);
			name = Products;
			sourceTree = "<group>";
		};
/* End PBXGroup section */

/* Begin PBXNativeTarget section */
		114DC1A6BA3D030E09A7E60F /* OneOnOne */ = {
			isa = PBXNativeTarget;
			buildConfigurationList = 1D14965C39D7FF62669F37E9 /* Build configuration list for PBXNativeTarget "OneOnOne" */;
			buildPhases = (
				C29D34F1AC62525F5C828A2A /* Sources */,
				DF08BDB6FAE5CE4FD5DA8D9E /* Resources */,
				43FFC49BE49511FD3BBE0E5A /* Embed Foundation Extensions */,
			);
			buildRules = (
			);
			dependencies = (
				8661251B2295E3540974574F /* PBXTargetDependency */,
			);
			name = OneOnOne;
			packageProductDependencies = (
			);
			productName = OneOnOne;
			productReference = 82A831B431E24CF97F1169A2 /* OneOnOne.app */;
			productType = "com.apple.product-type.application";
		};
		2FCA63BF692FB54E520FEA3F /* OneOnOneWidget-macOS */ = {
			isa = PBXNativeTarget;
			buildConfigurationList = 3580725B73E4F807D7192DFA /* Build configuration list for PBXNativeTarget "OneOnOneWidget-macOS" */;
			buildPhases = (
				A4A024ECD3C0DC4128F59360 /* Sources */,
			);
			buildRules = (
			);
			dependencies = (
			);
			name = "OneOnOneWidget-macOS";
			packageProductDependencies = (
			);
			productName = "OneOnOneWidget-macOS";
			productReference = 4CC5D720F439A167711B5727 /* OneOnOneWidget-macOS.appex */;
			productType = "com.apple.product-type.app-extension";
		};
		AAB2160E97E051D32E4B7D39 /* OneOnOneWidget-iOS */ = {
			isa = PBXNativeTarget;
			buildConfigurationList = D3AA7FA2F4E745B330186A1D /* Build configuration list for PBXNativeTarget "OneOnOneWidget-iOS" */;
			buildPhases = (
				6298F77A95C22FA50A53BEB3 /* Sources */,
			);
			buildRules = (
			);
			dependencies = (
			);
			name = "OneOnOneWidget-iOS";
			packageProductDependencies = (
			);
			productName = "OneOnOneWidget-iOS";
			productReference = 73EF490595A0E2F1C81D8E35 /* OneOnOneWidget-iOS.appex */;
			productType = "com.apple.product-type.app-extension";
		};
		F18A578DBB3DDDCDAE541057 /* OneOnOne-iOS */ = {
			isa = PBXNativeTarget;
			buildConfigurationList = 6043CD3E6E3DF370B9B42218 /* Build configuration list for PBXNativeTarget "OneOnOne-iOS" */;
			buildPhases = (
				CE5CA8A48D5946C71627C2E3 /* Sources */,
				8B8252695632E593ACCD3270 /* Resources */,
				E3EA2B5C8281BCA77327C463 /* Embed Foundation Extensions */,
			);
			buildRules = (
			);
			dependencies = (
				D4C480AD28280FC12D65B891 /* PBXTargetDependency */,
			);
			name = "OneOnOne-iOS";
			packageProductDependencies = (
			);
			productName = "OneOnOne-iOS";
			productReference = 79EA35EAFA62138C0431A8F6 /* OneOnOne-iOS.app */;
			productType = "com.apple.product-type.application";
		};
/* End PBXNativeTarget section */

/* Begin PBXProject section */
		0CFDC114AFEBD028C8A91D44 /* Project object */ = {
			isa = PBXProject;
			attributes = {
				BuildIndependentTargetsInParallel = YES;
				LastUpgradeCheck = 1500;
				TargetAttributes = {
					114DC1A6BA3D030E09A7E60F = {
						DevelopmentTeam = QRRCB8HB3W;
						ProvisioningStyle = Automatic;
					};
					2FCA63BF692FB54E520FEA3F = {
						DevelopmentTeam = QRRCB8HB3W;
						ProvisioningStyle = Automatic;
					};
					AAB2160E97E051D32E4B7D39 = {
						DevelopmentTeam = QRRCB8HB3W;
						ProvisioningStyle = Automatic;
					};
					F18A578DBB3DDDCDAE541057 = {
						DevelopmentTeam = QRRCB8HB3W;
						ProvisioningStyle = Automatic;
					};
				};
			};
			buildConfigurationList = D34B7E7C4754CFD3689C7FE1 /* Build configuration list for PBXProject "OneOnOne" */;
			compatibilityVersion = "Xcode 14.0";
			developmentRegion = en;
			hasScannedForEncodings = 0;
			knownRegions = (
				Base,
				en,
			);
			mainGroup = 38780DE60E0259258592979D;
			minimizedProjectReferenceProxies = 1;
			preferredProjectObjectVersion = 77;
			projectDirPath = "";
			projectRoot = "";
			targets = (
				114DC1A6BA3D030E09A7E60F /* OneOnOne */,
				F18A578DBB3DDDCDAE541057 /* OneOnOne-iOS */,
				AAB2160E97E051D32E4B7D39 /* OneOnOneWidget-iOS */,
				2FCA63BF692FB54E520FEA3F /* OneOnOneWidget-macOS */,
			);
		};
/* End PBXProject section */

/* Begin PBXResourcesBuildPhase section */
		8B8252695632E593ACCD3270 /* Resources */ = {
			isa = PBXResourcesBuildPhase;
			buildActionMask = 2147483647;
			files = (
				D90DBC41B8ECA03F94AE6F61 /* Assets.xcassets in Resources */,
			);
			runOnlyForDeploymentPostprocessing = 0;
		};
		DF08BDB6FAE5CE4FD5DA8D9E /* Resources */ = {
			isa = PBXResourcesBuildPhase;
			buildActionMask = 2147483647;
			files = (
				853F7D5F70A0F06DC6C3EAC7 /* Assets.xcassets in Resources */,
				8C2F4AB3A073DE16B63C2477 /* ai_daemon.py in Resources */,
				F917288A76F209C82D2A6F67 /* whisper_transcribe.py in Resources */,
			);
			runOnlyForDeploymentPostprocessing = 0;
		};
/* End PBXResourcesBuildPhase section */

/* Begin PBXSourcesBuildPhase section */
		6298F77A95C22FA50A53BEB3 /* Sources */ = {
			isa = PBXSourcesBuildPhase;
			buildActionMask = 2147483647;
			files = (
				B3A3CCCBBC471F4672BD9483 /* ActionItem.swift in Sources */,
				1CF0137852C3C372F3E70A51 /* Meeting.swift in Sources */,
				5E33DE0E16F74467ED066DCC /* OneOnOneWidget.swift in Sources */,
				DAC63D8381E2449361FD63F1 /* Person.swift in Sources */,
				8DFFE55FB9DB4D013557F55C /* SharedDataManager.swift in Sources */,
				862B2B45970A54A9AD5D562C /* WidgetData.swift in Sources */,
			);
			runOnlyForDeploymentPostprocessing = 0;
		};
		A4A024ECD3C0DC4128F59360 /* Sources */ = {
			isa = PBXSourcesBuildPhase;
			buildActionMask = 2147483647;
			files = (
				9CC32C97CB42427E82EE01FF /* ActionItem.swift in Sources */,
				B13166D05BF30D03DAB6F970 /* Meeting.swift in Sources */,
				AED993A7E2F27B924D8202B6 /* OneOnOneWidget.swift in Sources */,
				AAA2ED8D93B0E62CBD24F50F /* Person.swift in Sources */,
				8AE5967311C257C141AB8DBE /* SharedDataManager.swift in Sources */,
				9ABA8E8129D21FB1B90666AC /* WidgetData.swift in Sources */,
			);
			runOnlyForDeploymentPostprocessing = 0;
		};
		C29D34F1AC62525F5C828A2A /* Sources */ = {
			isa = PBXSourcesBuildPhase;
			buildActionMask = 2147483647;
			files = (
				315FCDD5F365F07868712C50 /* AIInsightsView.swift in Sources */,
				04708F0BA68BEF73A6DA2972 /* AIService.swift in Sources */,
				9940D3798108B6DC24F207EF /* ActionItem.swift in Sources */,
				FCA301B7D70DF75BE456961A /* ActionItemsView.swift in Sources */,
				99924DF63640788E14E4A454 /* CalendarService.swift in Sources */,
				A14923D8D92573F2E412CE73 /* CareerDevelopment.swift in Sources */,
				6FD6D031B73178BF72F7E8E0 /* CareerView.swift in Sources */,
				6E374587DDFEF7235C4E321D /* CloudKitService.swift in Sources */,
				0087E09BE6DE82DA0C7836A7 /* ContentView.swift in Sources */,
				9DA9F5D1B71FF743E20DEE37 /* DashboardView.swift in Sources */,
				096991FDFC2FB502D97D36E9 /* DataStore.swift in Sources */,
				C1BC231E6423A0B7E27C01B5 /* Feedback.swift in Sources */,
				77FEBF5864FE66F6977D9CD3 /* FeedbackView.swift in Sources */,
				67F435A8F3D132AA527BE43D /* Goal.swift in Sources */,
				DAD92485D566C6DD5E57C032 /* GoalsView.swift in Sources */,
				6D2FBA0200D3395BB1FD78FA /* IntegrationService.swift in Sources */,
				8EEB4F41EE6AC9559C121784 /* IntegrationsView.swift in Sources */,
				17B8894C30EF67C70A077050 /* Meeting.swift in Sources */,
				2771781ADE432F697E037763 /* MeetingsView.swift in Sources */,
				2D4335CDCB9B1788C9680477 /* ModernDesign.swift in Sources */,
				C8FABB3D7803A54BB2994DEE /* NewGoalView.swift in Sources */,
				EC3F8BEB4E07456F0DEC1993 /* NewMeetingView.swift in Sources */,
				F4741BD519C55800AC104B77 /* NewPersonView.swift in Sources */,
				CC9156DE1E234C204B0ACBFC /* OKR.swift in Sources */,
				54294A3EA5A1B9B1C7CEF67A /* OKRView.swift in Sources */,
				3CE01959219F7AC9D2092CB2 /* OneOnOneApp.swift in Sources */,
				67C343E2AE007C051F7C642B /* PeopleView.swift in Sources */,
				0CD746CD08B26F33EF041D85 /* Person.swift in Sources */,
				EF02A07B4800A80F26DACA51 /* Recording.swift in Sources */,
				34618DCDF349A53DF85D0E0B /* RecordingService.swift in Sources */,
				6DAC6516D5E9A62B414B021A /* RecordingsView.swift in Sources */,
				811E1A89E640432B021A0041 /* SearchService.swift in Sources */,
				5B9FEC0CC61C0F1A634C57DC /* SearchView.swift in Sources */,
				D811904952AA8B5AD2A4289E /* Sentiment.swift in Sources */,
				23F5067858BCC6032D34491E /* SettingsView.swift in Sources */,
				4101AF81FEA88C348B64E008 /* SyncService.swift in Sources */,
				B683BC605A3410B131A90127 /* TeamInsightsService.swift in Sources */,
				E37A7C5BA157443C1D6B072F /* TeamInsightsView.swift in Sources */,
				67792FF7FCEECA83A3DA3F5E /* Template.swift in Sources */,
				0F5B73E6E647822A8934AD5E /* TemplatesView.swift in Sources */,
				65F750C2FB31C986CF45D597 /* WidgetSyncService.swift in Sources */,
			);
			runOnlyForDeploymentPostprocessing = 0;
		};
		CE5CA8A48D5946C71627C2E3 /* Sources */ = {
			isa = PBXSourcesBuildPhase;
			buildActionMask = 2147483647;
			files = (
				09140FC1FA8313F9C2D9A6CC /* AIInsightsView.swift in Sources */,
				78286AE444C01ED8B2AF68D3 /* AIService.swift in Sources */,
				C38153F1D6CF3CA7C3ED6C9B /* ActionItem.swift in Sources */,
				D21E1FFC31914BB438EF8B20 /* ActionItemsView.swift in Sources */,
				5125233AA9078CDCB887D08D /* CalendarService.swift in Sources */,
				A4389EABCAFB1D0B7B9DF062 /* CareerDevelopment.swift in Sources */,
				FD07075F84C393B9BE275D3F /* CareerView.swift in Sources */,
				958AB77E9739B7C028750D36 /* CloudKitService.swift in Sources */,
				3425FE8A99A486BD94A1299C /* ContentView.swift in Sources */,
				CF5C5B4258A2CC3F158978D2 /* DashboardView.swift in Sources */,
				F17D2D1D836E057E30B0D54D /* DataStore.swift in Sources */,
				CF21E0DD62DA8EC05A97E705 /* Feedback.swift in Sources */,
				8133482FC6D13E1ECFF649EA /* FeedbackView.swift in Sources */,
				205B5474DE90DB3B4337DE55 /* Goal.swift in Sources */,
				F8A9A850C82CA48FFE5ECF34 /* GoalsView.swift in Sources */,
				B3577E7EBE38F886DBCFC109 /* IntegrationService.swift in Sources */,
				79FE395524C0CBADF5C180C0 /* IntegrationsView.swift in Sources */,
				348FBA114B2B1BF410E50BDC /* Meeting.swift in Sources */,
				6C02E2AB51F4D28E7B9F4054 /* MeetingsView.swift in Sources */,
				7FAF12F66AD08EB83D2A6B99 /* ModernDesign.swift in Sources */,
				5439EBC17514386AFE0EBBE6 /* NewGoalView.swift in Sources */,
				3F7FFF84BC120EA4AFB604E8 /* NewMeetingView.swift in Sources */,
				A67E6632495A29734BA56F77 /* NewPersonView.swift in Sources */,
				3EF003D0E27BCEB52F31F15D /* OKR.swift in Sources */,
				B63BE768990B5FE603180C82 /* OKRView.swift in Sources */,
				1FFBB237EA6207A74D9E9773 /* OneOnOneApp.swift in Sources */,
				255CA071D00663D78FB89F08 /* PeopleView.swift in Sources */,
				319732CD46513B79C4E94BCF /* Person.swift in Sources */,
				51676A45F4572A33644AEB98 /* Recording.swift in Sources */,
				F828014B7935AE066B158FC7 /* RecordingService.swift in Sources */,
				6B45E4F059B95187B232EB2D /* RecordingsView.swift in Sources */,
				6AEF37D8426389A5DD20499F /* SearchService.swift in Sources */,
				5D4D18208D647BE8C4C49D77 /* SearchView.swift in Sources */,
				480E42D76BA1B2B01BD59870 /* Sentiment.swift in Sources */,
				5CA9320721DA21D69EA543D9 /* SettingsView.swift in Sources */,
				4D3259A8683F672E420F2969 /* SyncService.swift in Sources */,
				569801E69ECF98D072C3F0C5 /* TeamInsightsService.swift in Sources */,
				77FC3AA704C8BE2CAB57C70A /* TeamInsightsView.swift in Sources */,
				068739821EB980C8D765845D /* Template.swift in Sources */,
				575DC1A44C7DB470B62E63E2 /* TemplatesView.swift in Sources */,
				E511C416FD0F5ED8C63FEF89 /* WidgetSyncService.swift in Sources */,
			);
			runOnlyForDeploymentPostprocessing = 0;
		};
/* End PBXSourcesBuildPhase section */

/* Begin PBXTargetDependency section */
		8661251B2295E3540974574F /* PBXTargetDependency */ = {
			isa = PBXTargetDependency;
			target = 2FCA63BF692FB54E520FEA3F /* OneOnOneWidget-macOS */;
			targetProxy = 26D4593C3FC127CD3C171CCD /* PBXContainerItemProxy */;
		};
		D4C480AD28280FC12D65B891 /* PBXTargetDependency */ = {
			isa = PBXTargetDependency;
			target = AAB2160E97E051D32E4B7D39 /* OneOnOneWidget-iOS */;
			targetProxy = E99533BEAF7CA257C5AAC38F /* PBXContainerItemProxy */;
		};
/* End PBXTargetDependency section */

/* Begin XCBuildConfiguration section */
		19AF9EF389995A6C3CAB479F /* Debug */ = {
			isa = XCBuildConfiguration;
			buildSettings = {
				CODE_SIGN_ENTITLEMENTS = "OneOnOne Widget/OneOnOne_Widget.entitlements";
				CODE_SIGN_STYLE = Automatic;
				GENERATE_INFOPLIST_FILE = YES;
				INFOPLIST_FILE = "OneOnOne Widget/Info.plist";
				INFOPLIST_KEY_CFBundleDisplayName = "OneOnOne Widget";
				INFOPLIST_KEY_NSHumanReadableCopyright = "Copyright © 2026 Jordan Koch. All rights reserved.";
				IPHONEOS_DEPLOYMENT_TARGET = 17.0;
				LD_RUNPATH_SEARCH_PATHS = (
					"$(inherited)",
					"@executable_path/Frameworks",
					"@executable_path/../../Frameworks",
				);
				PRODUCT_BUNDLE_IDENTIFIER = com.jordankoch.OneOnOne.Widget;
				PRODUCT_NAME = "OneOnOne Widget";
				SDKROOT = iphoneos;
				SKIP_INSTALL = YES;
				TARGETED_DEVICE_FAMILY = "1,2";
			};
			name = Debug;
		};
		216FB6F09EB085E12D0D7669 /* Debug */ = {
			isa = XCBuildConfiguration;
			buildSettings = {
				ASSETCATALOG_COMPILER_APPICON_NAME = AppIcon;
				ASSETCATALOG_COMPILER_GLOBAL_ACCENT_COLOR_NAME = AccentColor;
				CODE_SIGN_ENTITLEMENTS = "OneOnOne/OneOnOne-iOS.entitlements";
				CODE_SIGN_IDENTITY = "iPhone Developer";
				CODE_SIGN_STYLE = Automatic;
				GENERATE_INFOPLIST_FILE = YES;
				INFOPLIST_KEY_CFBundleDisplayName = OneOnOne;
				INFOPLIST_KEY_LSApplicationCategoryType = "public.app-category.productivity";
				INFOPLIST_KEY_NSCalendarsUsageDescription = "OneOnOne needs access to your calendar to create and sync meeting events.";
				INFOPLIST_KEY_NSHumanReadableCopyright = "Copyright © 2026 Jordan Koch. All rights reserved.";
				INFOPLIST_KEY_NSMicrophoneUsageDescription = "OneOnOne needs microphone access to record meeting audio.";
				INFOPLIST_KEY_UILaunchScreen_Generation = YES;
				INFOPLIST_KEY_UISupportedInterfaceOrientations = "UIInterfaceOrientationPortrait UIInterfaceOrientationPortraitUpsideDown";
				"INFOPLIST_KEY_UISupportedInterfaceOrientations~ipad" = "UIInterfaceOrientationPortrait UIInterfaceOrientationPortraitUpsideDown UIInterfaceOrientationLandscapeLeft UIInterfaceOrientationLandscapeRight";
				IPHONEOS_DEPLOYMENT_TARGET = 17.0;
				LD_RUNPATH_SEARCH_PATHS = (
					"$(inherited)",
					"@executable_path/Frameworks",
				);
				PRODUCT_BUNDLE_IDENTIFIER = com.jordankoch.OneOnOne;
				SDKROOT = iphoneos;
				SUPPORTS_MACCATALYST = NO;
				TARGETED_DEVICE_FAMILY = "1,2";
			};
			name = Debug;
		};
		3DD275FD3DA6DE32DB14D462 /* Release */ = {
			isa = XCBuildConfiguration;
			buildSettings = {
				ASSETCATALOG_COMPILER_APPICON_NAME = AppIcon;
				ASSETCATALOG_COMPILER_GLOBAL_ACCENT_COLOR_NAME = AccentColor;
				CODE_SIGN_ENTITLEMENTS = "OneOnOne/OneOnOne-iOS.entitlements";
				CODE_SIGN_IDENTITY = "iPhone Developer";
				CODE_SIGN_STYLE = Automatic;
				GENERATE_INFOPLIST_FILE = YES;
				INFOPLIST_KEY_CFBundleDisplayName = OneOnOne;
				INFOPLIST_KEY_LSApplicationCategoryType = "public.app-category.productivity";
				INFOPLIST_KEY_NSCalendarsUsageDescription = "OneOnOne needs access to your calendar to create and sync meeting events.";
				INFOPLIST_KEY_NSHumanReadableCopyright = "Copyright © 2026 Jordan Koch. All rights reserved.";
				INFOPLIST_KEY_NSMicrophoneUsageDescription = "OneOnOne needs microphone access to record meeting audio.";
				INFOPLIST_KEY_UILaunchScreen_Generation = YES;
				INFOPLIST_KEY_UISupportedInterfaceOrientations = "UIInterfaceOrientationPortrait UIInterfaceOrientationPortraitUpsideDown";
				"INFOPLIST_KEY_UISupportedInterfaceOrientations~ipad" = "UIInterfaceOrientationPortrait UIInterfaceOrientationPortraitUpsideDown UIInterfaceOrientationLandscapeLeft UIInterfaceOrientationLandscapeRight";
				IPHONEOS_DEPLOYMENT_TARGET = 17.0;
				LD_RUNPATH_SEARCH_PATHS = (
					"$(inherited)",
					"@executable_path/Frameworks",
				);
				PRODUCT_BUNDLE_IDENTIFIER = com.jordankoch.OneOnOne;
				SDKROOT = iphoneos;
				SUPPORTS_MACCATALYST = NO;
				TARGETED_DEVICE_FAMILY = "1,2";
			};
			name = Release;
		};
		4DCC8902A2C8C377EA079A6F /* Debug */ = {
			isa = XCBuildConfiguration;
			buildSettings = {
				ASSETCATALOG_COMPILER_APPICON_NAME = AppIcon;
				ASSETCATALOG_COMPILER_GLOBAL_ACCENT_COLOR_NAME = AccentColor;
				CODE_SIGN_ENTITLEMENTS = OneOnOne/OneOnOne.entitlements;
				CODE_SIGN_STYLE = Automatic;
				COMBINE_HIDPI_IMAGES = YES;
				ENABLE_HARDENED_RUNTIME = YES;
				GENERATE_INFOPLIST_FILE = YES;
				INFOPLIST_KEY_CFBundleDisplayName = OneOnOne;
				INFOPLIST_KEY_LSApplicationCategoryType = "public.app-category.productivity";
				INFOPLIST_KEY_NSHumanReadableCopyright = "Copyright © 2026 Jordan Koch. All rights reserved.";
				LD_RUNPATH_SEARCH_PATHS = (
					"$(inherited)",
					"@executable_path/../Frameworks",
				);
				MACOSX_DEPLOYMENT_TARGET = 14.0;
				PRODUCT_BUNDLE_IDENTIFIER = com.jordankoch.OneOnOne;
				SDKROOT = macosx;
			};
			name = Debug;
		};
		53EDE89520B6B76077A60D85 /* Release */ = {
			isa = XCBuildConfiguration;
			buildSettings = {
				CODE_SIGN_ENTITLEMENTS = "OneOnOne Widget/OneOnOne_Widget.entitlements";
				CODE_SIGN_STYLE = Automatic;
				GENERATE_INFOPLIST_FILE = YES;
				INFOPLIST_FILE = "OneOnOne Widget/Info.plist";
				INFOPLIST_KEY_CFBundleDisplayName = "OneOnOne Widget";
				INFOPLIST_KEY_NSHumanReadableCopyright = "Copyright © 2026 Jordan Koch. All rights reserved.";
				IPHONEOS_DEPLOYMENT_TARGET = 17.0;
				LD_RUNPATH_SEARCH_PATHS = (
					"$(inherited)",
					"@executable_path/Frameworks",
					"@executable_path/../../Frameworks",
				);
				PRODUCT_BUNDLE_IDENTIFIER = com.jordankoch.OneOnOne.Widget;
				PRODUCT_NAME = "OneOnOne Widget";
				SDKROOT = iphoneos;
				SKIP_INSTALL = YES;
				TARGETED_DEVICE_FAMILY = "1,2";
			};
			name = Release;
		};
		88DB99AF7FBE2B3361FDF13D /* Release */ = {
			isa = XCBuildConfiguration;
			buildSettings = {
				CODE_SIGN_ENTITLEMENTS = "OneOnOne Widget/OneOnOne_Widget.entitlements";
				CODE_SIGN_STYLE = Automatic;
				COMBINE_HIDPI_IMAGES = YES;
				GENERATE_INFOPLIST_FILE = YES;
				INFOPLIST_FILE = "OneOnOne Widget/Info.plist";
				INFOPLIST_KEY_CFBundleDisplayName = "OneOnOne Widget";
				INFOPLIST_KEY_NSHumanReadableCopyright = "Copyright © 2026 Jordan Koch. All rights reserved.";
				LD_RUNPATH_SEARCH_PATHS = (
					"$(inherited)",
					"@executable_path/../Frameworks",
					"@executable_path/../../../../Frameworks",
				);
				MACOSX_DEPLOYMENT_TARGET = 14.0;
				PRODUCT_BUNDLE_IDENTIFIER = com.jordankoch.OneOnOne.Widget;
				PRODUCT_NAME = "OneOnOne Widget";
				SDKROOT = macosx;
				SKIP_INSTALL = YES;
			};
			name = Release;
		};
		89C16B6B7AEBBDE18F7B365F /* Debug */ = {
			isa = XCBuildConfiguration;
			buildSettings = {
				CODE_SIGN_ENTITLEMENTS = "OneOnOne Widget/OneOnOne_Widget.entitlements";
				CODE_SIGN_STYLE = Automatic;
				COMBINE_HIDPI_IMAGES = YES;
				GENERATE_INFOPLIST_FILE = YES;
				INFOPLIST_FILE = "OneOnOne Widget/Info.plist";
				INFOPLIST_KEY_CFBundleDisplayName = "OneOnOne Widget";
				INFOPLIST_KEY_NSHumanReadableCopyright = "Copyright © 2026 Jordan Koch. All rights reserved.";
				LD_RUNPATH_SEARCH_PATHS = (
					"$(inherited)",
					"@executable_path/../Frameworks",
					"@executable_path/../../../../Frameworks",
				);
				MACOSX_DEPLOYMENT_TARGET = 14.0;
				PRODUCT_BUNDLE_IDENTIFIER = com.jordankoch.OneOnOne.Widget;
				PRODUCT_NAME = "OneOnOne Widget";
				SDKROOT = macosx;
				SKIP_INSTALL = YES;
			};
			name = Debug;
		};
		92E30D345E273CE2D47B442C /* Release */ = {
			isa = XCBuildConfiguration;
			buildSettings = {
				ALWAYS_SEARCH_USER_PATHS = NO;
				CLANG_ANALYZER_NONNULL = YES;
				CLANG_ANALYZER_NUMBER_OBJECT_CONVERSION = YES_AGGRESSIVE;
				CLANG_CXX_LANGUAGE_STANDARD = "gnu++14";
				CLANG_CXX_LIBRARY = "libc++";
				CLANG_ENABLE_MODULES = YES;
				CLANG_ENABLE_OBJC_ARC = YES;
				CLANG_ENABLE_OBJC_WEAK = YES;
				CLANG_WARN_BLOCK_CAPTURE_AUTORELEASING = YES;
				CLANG_WARN_BOOL_CONVERSION = YES;
				CLANG_WARN_COMMA = YES;
				CLANG_WARN_CONSTANT_CONVERSION = YES;
				CLANG_WARN_DEPRECATED_OBJC_IMPLEMENTATIONS = YES;
				CLANG_WARN_DIRECT_OBJC_ISA_USAGE = YES_ERROR;
				CLANG_WARN_DOCUMENTATION_COMMENTS = YES;
				CLANG_WARN_EMPTY_BODY = YES;
				CLANG_WARN_ENUM_CONVERSION = YES;
				CLANG_WARN_INFINITE_RECURSION = YES;
				CLANG_WARN_INT_CONVERSION = YES;
				CLANG_WARN_NON_LITERAL_NULL_CONVERSION = YES;
				CLANG_WARN_OBJC_IMPLICIT_RETAIN_SELF = YES;
				CLANG_WARN_OBJC_LITERAL_CONVERSION = YES;
				CLANG_WARN_OBJC_ROOT_CLASS = YES_ERROR;
				CLANG_WARN_QUOTED_INCLUDE_IN_FRAMEWORK_HEADER = YES;
				CLANG_WARN_RANGE_LOOP_ANALYSIS = YES;
				CLANG_WARN_STRICT_PROTOTYPES = YES;
				CLANG_WARN_SUSPICIOUS_MOVE = YES;
				CLANG_WARN_UNGUARDED_AVAILABILITY = YES_AGGRESSIVE;
				CLANG_WARN_UNREACHABLE_CODE = YES;
				CLANG_WARN__DUPLICATE_METHOD_MATCH = YES;
				COPY_PHASE_STRIP = NO;
				CURRENT_PROJECT_VERSION = 4;
				DEBUG_INFORMATION_FORMAT = "dwarf-with-dsym";
				DEVELOPMENT_TEAM = QRRCB8HB3W;
				ENABLE_NS_ASSERTIONS = NO;
				ENABLE_STRICT_OBJC_MSGSEND = YES;
				GCC_C_LANGUAGE_STANDARD = gnu11;
				GCC_NO_COMMON_BLOCKS = YES;
				GCC_WARN_64_TO_32_BIT_CONVERSION = YES;
				GCC_WARN_ABOUT_RETURN_TYPE = YES_ERROR;
				GCC_WARN_UNDECLARED_SELECTOR = YES;
				GCC_WARN_UNINITIALIZED_AUTOS = YES_AGGRESSIVE;
				GCC_WARN_UNUSED_FUNCTION = YES;
				GCC_WARN_UNUSED_VARIABLE = YES;
				IPHONEOS_DEPLOYMENT_TARGET = 17.0;
				MACOSX_DEPLOYMENT_TARGET = 14.0;
				MARKETING_VERSION = 2.2.0;
				MTL_ENABLE_DEBUG_INFO = NO;
				MTL_FAST_MATH = YES;
				PRODUCT_NAME = "$(TARGET_NAME)";
				SWIFT_COMPILATION_MODE = wholemodule;
				SWIFT_OPTIMIZATION_LEVEL = "-O";
				SWIFT_VERSION = 5.9;
			};
			name = Release;
		};
		D01D35FC201F221BF9328293 /* Release */ = {
			isa = XCBuildConfiguration;
			buildSettings = {
				ASSETCATALOG_COMPILER_APPICON_NAME = AppIcon;
				ASSETCATALOG_COMPILER_GLOBAL_ACCENT_COLOR_NAME = AccentColor;
				CODE_SIGN_ENTITLEMENTS = OneOnOne/OneOnOne.entitlements;
				CODE_SIGN_STYLE = Automatic;
				COMBINE_HIDPI_IMAGES = YES;
				ENABLE_HARDENED_RUNTIME = YES;
				GENERATE_INFOPLIST_FILE = YES;
				INFOPLIST_KEY_CFBundleDisplayName = OneOnOne;
				INFOPLIST_KEY_LSApplicationCategoryType = "public.app-category.productivity";
				INFOPLIST_KEY_NSHumanReadableCopyright = "Copyright © 2026 Jordan Koch. All rights reserved.";
				LD_RUNPATH_SEARCH_PATHS = (
					"$(inherited)",
					"@executable_path/../Frameworks",
				);
				MACOSX_DEPLOYMENT_TARGET = 14.0;
				PRODUCT_BUNDLE_IDENTIFIER = com.jordankoch.OneOnOne;
				SDKROOT = macosx;
			};
			name = Release;
		};
		EEF0538E4CE9429BA998071F /* Debug */ = {
			isa = XCBuildConfiguration;
			buildSettings = {
				ALWAYS_SEARCH_USER_PATHS = NO;
				CLANG_ANALYZER_NONNULL = YES;
				CLANG_ANALYZER_NUMBER_OBJECT_CONVERSION = YES_AGGRESSIVE;
				CLANG_CXX_LANGUAGE_STANDARD = "gnu++14";
				CLANG_CXX_LIBRARY = "libc++";
				CLANG_ENABLE_MODULES = YES;
				CLANG_ENABLE_OBJC_ARC = YES;
				CLANG_ENABLE_OBJC_WEAK = YES;
				CLANG_WARN_BLOCK_CAPTURE_AUTORELEASING = YES;
				CLANG_WARN_BOOL_CONVERSION = YES;
				CLANG_WARN_COMMA = YES;
				CLANG_WARN_CONSTANT_CONVERSION = YES;
				CLANG_WARN_DEPRECATED_OBJC_IMPLEMENTATIONS = YES;
				CLANG_WARN_DIRECT_OBJC_ISA_USAGE = YES_ERROR;
				CLANG_WARN_DOCUMENTATION_COMMENTS = YES;
				CLANG_WARN_EMPTY_BODY = YES;
				CLANG_WARN_ENUM_CONVERSION = YES;
				CLANG_WARN_INFINITE_RECURSION = YES;
				CLANG_WARN_INT_CONVERSION = YES;
				CLANG_WARN_NON_LITERAL_NULL_CONVERSION = YES;
				CLANG_WARN_OBJC_IMPLICIT_RETAIN_SELF = YES;
				CLANG_WARN_OBJC_LITERAL_CONVERSION = YES;
				CLANG_WARN_OBJC_ROOT_CLASS = YES_ERROR;
				CLANG_WARN_QUOTED_INCLUDE_IN_FRAMEWORK_HEADER = YES;
				CLANG_WARN_RANGE_LOOP_ANALYSIS = YES;
				CLANG_WARN_STRICT_PROTOTYPES = YES;
				CLANG_WARN_SUSPICIOUS_MOVE = YES;
				CLANG_WARN_UNGUARDED_AVAILABILITY = YES_AGGRESSIVE;
				CLANG_WARN_UNREACHABLE_CODE = YES;
				CLANG_WARN__DUPLICATE_METHOD_MATCH = YES;
				COPY_PHASE_STRIP = NO;
				CURRENT_PROJECT_VERSION = 4;
				DEBUG_INFORMATION_FORMAT = dwarf;
				DEVELOPMENT_TEAM = QRRCB8HB3W;
				ENABLE_STRICT_OBJC_MSGSEND = YES;
				ENABLE_TESTABILITY = YES;
				GCC_C_LANGUAGE_STANDARD = gnu11;
				GCC_DYNAMIC_NO_PIC = NO;
				GCC_NO_COMMON_BLOCKS = YES;
				GCC_OPTIMIZATION_LEVEL = 0;
				GCC_PREPROCESSOR_DEFINITIONS = (
					"$(inherited)",
					"DEBUG=1",
				);
				GCC_WARN_64_TO_32_BIT_CONVERSION = YES;
				GCC_WARN_ABOUT_RETURN_TYPE = YES_ERROR;
				GCC_WARN_UNDECLARED_SELECTOR = YES;
				GCC_WARN_UNINITIALIZED_AUTOS = YES_AGGRESSIVE;
				GCC_WARN_UNUSED_FUNCTION = YES;
				GCC_WARN_UNUSED_VARIABLE = YES;
				IPHONEOS_DEPLOYMENT_TARGET = 17.0;
				MACOSX_DEPLOYMENT_TARGET = 14.0;
				MARKETING_VERSION = 2.2.0;
				MTL_ENABLE_DEBUG_INFO = INCLUDE_SOURCE;
				MTL_FAST_MATH = YES;
				ONLY_ACTIVE_ARCH = YES;
				PRODUCT_NAME = "$(TARGET_NAME)";
				SWIFT_ACTIVE_COMPILATION_CONDITIONS = DEBUG;
				SWIFT_OPTIMIZATION_LEVEL = "-Onone";
				SWIFT_VERSION = 5.9;
			};
			name = Debug;
		};
/* End XCBuildConfiguration section */

/* Begin XCConfigurationList section */
		1D14965C39D7FF62669F37E9 /* Build configuration list for PBXNativeTarget "OneOnOne" */ = {
			isa = XCConfigurationList;
			buildConfigurations = (
				4DCC8902A2C8C377EA079A6F /* Debug */,
				D01D35FC201F221BF9328293 /* Release */,
			);
			defaultConfigurationIsVisible = 0;
			defaultConfigurationName = Debug;
		};
		3580725B73E4F807D7192DFA /* Build configuration list for PBXNativeTarget "OneOnOneWidget-macOS" */ = {
			isa = XCConfigurationList;
			buildConfigurations = (
				89C16B6B7AEBBDE18F7B365F /* Debug */,
				88DB99AF7FBE2B3361FDF13D /* Release */,
			);
			defaultConfigurationIsVisible = 0;
			defaultConfigurationName = Debug;
		};
		6043CD3E6E3DF370B9B42218 /* Build configuration list for PBXNativeTarget "OneOnOne-iOS" */ = {
			isa = XCConfigurationList;
			buildConfigurations = (
				216FB6F09EB085E12D0D7669 /* Debug */,
				3DD275FD3DA6DE32DB14D462 /* Release */,
			);
			defaultConfigurationIsVisible = 0;
			defaultConfigurationName = Debug;
		};
		D34B7E7C4754CFD3689C7FE1 /* Build configuration list for PBXProject "OneOnOne" */ = {
			isa = XCConfigurationList;
			buildConfigurations = (
				EEF0538E4CE9429BA998071F /* Debug */,
				92E30D345E273CE2D47B442C /* Release */,
			);
			defaultConfigurationIsVisible = 0;
			defaultConfigurationName = Debug;
		};
		D3AA7FA2F4E745B330186A1D /* Build configuration list for PBXNativeTarget "OneOnOneWidget-iOS" */ = {
			isa = XCConfigurationList;
			buildConfigurations = (
				19AF9EF389995A6C3CAB479F /* Debug */,
				53EDE89520B6B76077A60D85 /* Release */,
			);
			defaultConfigurationIsVisible = 0;
			defaultConfigurationName = Debug;
		};
/* End XCConfigurationList section */
	};
	rootObject = 0CFDC114AFEBD028C8A91D44 /* Project object */;
}
